// !$*UTF8*$!
{
	archiveVersion = 1;
	classes = {
	};
	objectVersion = 50;
	objects = {

/* Begin PBXBuildFile section */
		18B19C0A22105972000E7AFA /* AppDelegate.swift in Sources */ = {isa = PBXBuildFile; fileRef = 18B19C0922105972000E7AFA /* AppDelegate.swift */; };
		18B19C0C22105972000E7AFA /* ViewController.swift in Sources */ = {isa = PBXBuildFile; fileRef = 18B19C0B22105972000E7AFA /* ViewController.swift */; };
		18B19C0F22105972000E7AFA /* Main.storyboard in Resources */ = {isa = PBXBuildFile; fileRef = 18B19C0D22105972000E7AFA /* Main.storyboard */; };
		18B19C1122105973000E7AFA /* Assets.xcassets in Resources */ = {isa = PBXBuildFile; fileRef = 18B19C1022105973000E7AFA /* Assets.xcassets */; };
		18B19C1422105973000E7AFA /* LaunchScreen.storyboard in Resources */ = {isa = PBXBuildFile; fileRef = 18B19C1222105973000E7AFA /* LaunchScreen.storyboard */; };
		18B19C1C221059C6000E7AFA /* MyIndicator.swift in Sources */ = {isa = PBXBuildFile; fileRef = 18B19C1B221059C6000E7AFA /* MyIndicator.swift */; };
		18B19C28221066E8000E7AFA /* Extensions.swift in Sources */ = {isa = PBXBuildFile; fileRef = 18B19C27221066E8000E7AFA /* Extensions.swift */; };
		18B19C2C22107834000E7AFA /* Protocols.swift in Sources */ = {isa = PBXBuildFile; fileRef = 18B19C2B22107834000E7AFA /* Protocols.swift */; };
/* End PBXBuildFile section */

/* Begin PBXFileReference section */
		18B19C0622105972000E7AFA /* indicator.app */ = {isa = PBXFileReference; explicitFileType = wrapper.application; includeInIndex = 0; path = indicator.app; sourceTree = BUILT_PRODUCTS_DIR; };
		18B19C0922105972000E7AFA /* AppDelegate.swift */ = {isa = PBXFileReference; lastKnownFileType = sourcecode.swift; path = AppDelegate.swift; sourceTree = "<group>"; };
		18B19C0B22105972000E7AFA /* ViewController.swift */ = {isa = PBXFileReference; lastKnownFileType = sourcecode.swift; path = ViewController.swift; sourceTree = "<group>"; };
		18B19C0E22105972000E7AFA /* Base */ = {isa = PBXFileReference; lastKnownFileType = file.storyboard; name = Base; path = Base.lproj/Main.storyboard; sourceTree = "<group>"; };
		18B19C1022105973000E7AFA /* Assets.xcassets */ = {isa = PBXFileReference; lastKnownFileType = folder.assetcatalog; path = Assets.xcassets; sourceTree = "<group>"; };
		18B19C1322105973000E7AFA /* Base */ = {isa = PBXFileReference; lastKnownFileType = file.storyboard; name = Base; path = Base.lproj/LaunchScreen.storyboard; sourceTree = "<group>"; };
		18B19C1522105973000E7AFA /* Info.plist */ = {isa = PBXFileReference; lastKnownFileType = text.plist.xml; path = Info.plist; sourceTree = "<group>"; };
		18B19C1B221059C6000E7AFA /* MyIndicator.swift */ = {isa = PBXFileReference; lastKnownFileType = sourcecode.swift; path = MyIndicator.swift; sourceTree = "<group>"; };
		18B19C27221066E8000E7AFA /* Extensions.swift */ = {isa = PBXFileReference; lastKnownFileType = sourcecode.swift; path = Extensions.swift; sourceTree = "<group>"; };
		18B19C2B22107834000E7AFA /* Protocols.swift */ = {isa = PBXFileReference; lastKnownFileType = sourcecode.swift; path = Protocols.swift; sourceTree = "<group>"; };
/* End PBXFileReference section */

/* Begin PBXFrameworksBuildPhase section */
		18B19C0322105972000E7AFA /* Frameworks */ = {
			isa = PBXFrameworksBuildPhase;
			buildActionMask = 2147483647;
			files = (
			);
			runOnlyForDeploymentPostprocessing = 0;
		};
/* End PBXFrameworksBuildPhase section */

/* Begin PBXGroup section */
		18B19BFD22105972000E7AFA = {
			isa = PBXGroup;
			children = (
				18B19C0822105972000E7AFA /* indicator */,
				18B19C0722105972000E7AFA /* Products */,
			);
			sourceTree = "<group>";
		};
		18B19C0722105972000E7AFA /* Products */ = {
			isa = PBXGroup;
			children = (
				18B19C0622105972000E7AFA /* indicator.app */,
			);
			name = Products;
			sourceTree = "<group>";
		};
		18B19C0822105972000E7AFA /* indicator */ = {
			isa = PBXGroup;
			children = (
				18B19C0922105972000E7AFA /* AppDelegate.swift */,
				18B19C27221066E8000E7AFA /* Extensions.swift */,
				18B19C1B221059C6000E7AFA /* MyIndicator.swift */,
				18B19C2B22107834000E7AFA /* Protocols.swift */,
				18B19C0B22105972000E7AFA /* ViewController.swift */,
				18B19C0D22105972000E7AFA /* Main.storyboard */,
				18B19C1022105973000E7AFA /* Assets.xcassets */,
				18B19C1222105973000E7AFA /* LaunchScreen.storyboard */,
				18B19C1522105973000E7AFA /* Info.plist */,
			);
			path = indicator;
			sourceTree = "<group>";
		};
/* End PBXGroup section */

/* Begin PBXNativeTarget section */
		18B19C0522105972000E7AFA /* indicator */ = {
			isa = PBXNativeTarget;
			buildConfigurationList = 18B19C1822105973000E7AFA /* Build configuration list for PBXNativeTarget "indicator" */;
			buildPhases = (
				18B19C0222105972000E7AFA /* Sources */,
				18B19C0322105972000E7AFA /* Frameworks */,
				18B19C0422105972000E7AFA /* Resources */,
			);
			buildRules = (
			);
			dependencies = (
			);
			name = indicator;
			productName = indicator;
			productReference = 18B19C0622105972000E7AFA /* indicator.app */;
			productType = "com.apple.product-type.application";
		};
/* End PBXNativeTarget section */

/* Begin PBXProject section */
		18B19BFE22105972000E7AFA /* Project object */ = {
			isa = PBXProject;
			attributes = {
				LastSwiftUpdateCheck = 1010;
				LastUpgradeCheck = 1010;
				ORGANIZATIONNAME = 2grand;
				TargetAttributes = {
					18B19C0522105972000E7AFA = {
						CreatedOnToolsVersion = 10.1;
					};
				};
			};
			buildConfigurationList = 18B19C0122105972000E7AFA /* Build configuration list for PBXProject "indicator" */;
			compatibilityVersion = "Xcode 9.3";
			developmentRegion = en;
			hasScannedForEncodings = 0;
			knownRegions = (
				en,
				Base,
			);
			mainGroup = 18B19BFD22105972000E7AFA;
			productRefGroup = 18B19C0722105972000E7AFA /* Products */;
			projectDirPath = "";
			projectRoot = "";
			targets = (
				18B19C0522105972000E7AFA /* indicator */,
			);
		};
/* End PBXProject section */

/* Begin PBXResourcesBuildPhase section */
		18B19C0422105972000E7AFA /* Resources */ = {
			isa = PBXResourcesBuildPhase;
			buildActionMask = 2147483647;
			files = (
				18B19C1422105973000E7AFA /* LaunchScreen.storyboard in Resources */,
				18B19C1122105973000E7AFA /* Assets.xcassets in Resources */,
				18B19C0F22105972000E7AFA /* Main.storyboard in Resources */,
			);
			runOnlyForDeploymentPostprocessing = 0;
		};
/* End PBXResourcesBuildPhase section */

/* Begin PBXSourcesBuildPhase section */
		18B19C0222105972000E7AFA /* Sources */ = {
			isa = PBXSourcesBuildPhase;
			buildActionMask = 2147483647;
			files = (
				18B19C2C22107834000E7AFA /* Protocols.swift in Sources */,
				18B19C28221066E8000E7AFA /* Extensions.swift in Sources */,
				18B19C0C22105972000E7AFA /* ViewController.swift in Sources */,
				18B19C0A22105972000E7AFA /* AppDelegate.swift in Sources */,
				18B19C1C221059C6000E7AFA /* MyIndicator.swift in Sources */,
			);
			runOnlyForDeploymentPostprocessing = 0;
		};
/* End PBXSourcesBuildPhase section */

/* Begin PBXVariantGroup section */
		18B19C0D22105972000E7AFA /* Main.storyboard */ = {
			isa = PBXVariantGroup;
			children = (
				18B19C0E22105972000E7AFA /* Base */,
			);
			name = Main.storyboard;
			sourceTree = "<group>";
		};
		18B19C1222105973000E7AFA /* LaunchScreen.storyboard */ = {
			isa = PBXVariantGroup;
			children = (
				18B19C1322105973000E7AFA /* Base */,
			);
			name = LaunchScreen.storyboard;
			sourceTree = "<group>";
		};
/* End PBXVariantGroup section */

/* Begin XCBuildConfiguration section */
		18B19C1622105973000E7AFA /* Debug */ = {
			isa = XCBuildConfiguration;
			buildSettings = {
				ALWAYS_SEARCH_USER_PATHS = NO;
				CLANG_ANALYZER_NONNULL = YES;
				CLANG_ANALYZER_NUMBER_OBJECT_CONVERSION = YES_AGGRESSIVE;
				CLANG_CXX_LANGUAGE_STANDARD = "gnu++14";
				CLANG_CXX_LIBRARY = "libc++";
				CLANG_ENABLE_MODULES = YES;
				CLANG_ENABLE_OBJC_ARC = YES;
				CLANG_ENABLE_OBJC_WEAK = YES;
				CLANG_WARN_BLOCK_CAPTURE_AUTORELEASING = YES;
				CLANG_WARN_BOOL_CONVERSION = YES;
				CLANG_WARN_COMMA = YES;
				CLANG_WARN_CONSTANT_CONVERSION = YES;
				CLANG_WARN_DEPRECATED_OBJC_IMPLEMENTATIONS = YES;
				CLANG_WARN_DIRECT_OBJC_ISA_USAGE = YES_ERROR;
				CLANG_WARN_DOCUMENTATION_COMMENTS = YES;
				CLANG_WARN_EMPTY_BODY = YES;
				CLANG_WARN_ENUM_CONVERSION = YES;
				CLANG_WARN_INFINITE_RECURSION = YES;
				CLANG_WARN_INT_CONVERSION = YES;
				CLANG_WARN_NON_LITERAL_NULL_CONVERSION = YES;
				CLANG_WARN_OBJC_IMPLICIT_RETAIN_SELF = YES;
				CLANG_WARN_OBJC_LITERAL_CONVERSION = YES;
				CLANG_WARN_OBJC_ROOT_CLASS = YES_ERROR;
				CLANG_WARN_RANGE_LOOP_ANALYSIS = YES;
				CLANG_WARN_STRICT_PROTOTYPES = YES;
				CLANG_WARN_SUSPICIOUS_MOVE = YES;
				CLANG_WARN_UNGUARDED_AVAILABILITY = YES_AGGRESSIVE;
				CLANG_WARN_UNREACHABLE_CODE = YES;
				CLANG_WARN__DUPLICATE_METHOD_MATCH = YES;
				CODE_SIGN_IDENTITY = "iPhone Developer";
				COPY_PHASE_STRIP = NO;
				DEBUG_INFORMATION_FORMAT = dwarf;
				ENABLE_STRICT_OBJC_MSGSEND = YES;
				ENABLE_TESTABILITY = YES;
				GCC_C_LANGUAGE_STANDARD = gnu11;
				GCC_DYNAMIC_NO_PIC = NO;
				GCC_NO_COMMON_BLOCKS = YES;
				GCC_OPTIMIZATION_LEVEL = 0;
				GCC_PREPROCESSOR_DEFINITIONS = (
					"DEBUG=1",
					"$(inherited)",
				);
				GCC_WARN_64_TO_32_BIT_CONVERSION = YES;
				GCC_WARN_ABOUT_RETURN_TYPE = YES_ERROR;
				GCC_WARN_UNDECLARED_SELECTOR = YES;
				GCC_WARN_UNINITIALIZED_AUTOS = YES_AGGRESSIVE;
				GCC_WARN_UNUSED_FUNCTION = YES;
				GCC_WARN_UNUSED_VARIABLE = YES;
				IPHONEOS_DEPLOYMENT_TARGET = 12.1;
				MTL_ENABLE_DEBUG_INFO = INCLUDE_SOURCE;
				MTL_FAST_MATH = YES;
				ONLY_ACTIVE_ARCH = YES;
				SDKROOT = iphoneos;
				SWIFT_ACTIVE_COMPILATION_CONDITIONS = DEBUG;
				SWIFT_OPTIMIZATION_LEVEL = "-Onone";
			};
			name = Debug;
		};
		18B19C1722105973000E7AFA /* Release */ = {
			isa = XCBuildConfiguration;
			buildSettings = {
				ALWAYS_SEARCH_USER_PATHS = NO;
				CLANG_ANALYZER_NONNULL = YES;
				CLANG_ANALYZER_NUMBER_OBJECT_CONVERSION = YES_AGGRESSIVE;
				CLANG_CXX_LANGUAGE_STANDARD = "gnu++14";
				CLANG_CXX_LIBRARY = "libc++";
				CLANG_ENABLE_MODULES = YES;
				CLANG_ENABLE_OBJC_ARC = YES;
				CLANG_ENABLE_OBJC_WEAK = YES;
				CLANG_WARN_BLOCK_CAPTURE_AUTORELEASING = YES;
				CLANG_WARN_BOOL_CONVERSION = YES;
				CLANG_WARN_COMMA = YES;
				CLANG_WARN_CONSTANT_CONVERSION = YES;
				CLANG_WARN_DEPRECATED_OBJC_IMPLEMENTATIONS = YES;
				CLANG_WARN_DIRECT_OBJC_ISA_USAGE = YES_ERROR;
				CLANG_WARN_DOCUMENTATION_COMMENTS = YES;
				CLANG_WARN_EMPTY_BODY = YES;
				CLANG_WARN_ENUM_CONVERSION = YES;
				CLANG_WARN_INFINITE_RECURSION = YES;
				CLANG_WARN_INT_CONVERSION = YES;
				CLANG_WARN_NON_LITERAL_NULL_CONVERSION = YES;
				CLANG_WARN_OBJC_IMPLICIT_RETAIN_SELF = YES;
				CLANG_WARN_OBJC_LITERAL_CONVERSION = YES;
				CLANG_WARN_OBJC_ROOT_CLASS = YES_ERROR;
				CLANG_WARN_RANGE_LOOP_ANALYSIS = YES;
				CLANG_WARN_STRICT_PROTOTYPES = YES;
				CLANG_WARN_SUSPICIOUS_MOVE = YES;
				CLANG_WARN_UNGUARDED_AVAILABILITY = YES_AGGRESSIVE;
				CLANG_WARN_UNREACHABLE_CODE = YES;
				CLANG_WARN__DUPLICATE_METHOD_MATCH = YES;
				CODE_SIGN_IDENTITY = "iPhone Developer";
				COPY_PHASE_STRIP = NO;
				DEBUG_INFORMATION_FORMAT = "dwarf-with-dsym";
				ENABLE_NS_ASSERTIONS = NO;
				ENABLE_STRICT_OBJC_MSGSEND = YES;
				GCC_C_LANGUAGE_STANDARD = gnu11;
				GCC_NO_COMMON_BLOCKS = YES;
				GCC_WARN_64_TO_32_BIT_CONVERSION = YES;
				GCC_WARN_ABOUT_RETURN_TYPE = YES_ERROR;
				GCC_WARN_UNDECLARED_SELECTOR = YES;
				GCC_WARN_UNINITIALIZED_AUTOS = YES_AGGRESSIVE;
				GCC_WARN_UNUSED_FUNCTION = YES;
				GCC_WARN_UNUSED_VARIABLE = YES;
				IPHONEOS_DEPLOYMENT_TARGET = 12.1;
				MTL_ENABLE_DEBUG_INFO = NO;
				MTL_FAST_MATH = YES;
				SDKROOT = iphoneos;
				SWIFT_COMPILATION_MODE = wholemodule;
				SWIFT_OPTIMIZATION_LEVEL = "-O";
				VALIDATE_PRODUCT = YES;
			};
			name = Release;
		};
		18B19C1922105973000E7AFA /* Debug */ = {
			isa = XCBuildConfiguration;
			buildSettings = {
				ASSETCATALOG_COMPILER_APPICON_NAME = AppIcon;
				CODE_SIGN_STYLE = Automatic;
				DEVELOPMENT_TEAM = KD77A89FE6;
				INFOPLIST_FILE = indicator/Info.plist;
				LD_RUNPATH_SEARCH_PATHS = (
					"$(inherited)",
					"@executable_path/Frameworks",
				);
				PRODUCT_BUNDLE_IDENTIFIER = com.Company.indicator;
				PRODUCT_NAME = "$(TARGET_NAME)";
				SWIFT_VERSION = 4.2;
				TARGETED_DEVICE_FAMILY = "1,2";
			};
			name = Debug;
		};
		18B19C1A22105973000E7AFA /* Release */ = {
			isa = XCBuildConfiguration;
			buildSettings = {
				ASSETCATALOG_COMPILER_APPICON_NAME = AppIcon;
				CODE_SIGN_STYLE = Automatic;
				DEVELOPMENT_TEAM = KD77A89FE6;
				INFOPLIST_FILE = indicator/Info.plist;
				LD_RUNPATH_SEARCH_PATHS = (
					"$(inherited)",
					"@executable_path/Frameworks",
				);
				PRODUCT_BUNDLE_IDENTIFIER = com.Company.indicator;
				PRODUCT_NAME = "$(TARGET_NAME)";
				SWIFT_VERSION = 4.2;
				TARGETED_DEVICE_FAMILY = "1,2";
			};
			name = Release;
		};
/* End XCBuildConfiguration section */

/* Begin XCConfigurationList section */
		18B19C0122105972000E7AFA /* Build configuration list for PBXProject "indicator" */ = {
			isa = XCConfigurationList;
			buildConfigurations = (
				18B19C1622105973000E7AFA /* Debug */,
				18B19C1722105973000E7AFA /* Release */,
			);
			defaultConfigurationIsVisible = 0;
			defaultConfigurationName = Release;
		};
		18B19C1822105973000E7AFA /* Build configuration list for PBXNativeTarget "indicator" */ = {
			isa = XCConfigurationList;
			buildConfigurations = (
				18B19C1922105973000E7AFA /* Debug */,
				18B19C1A22105973000E7AFA /* Release */,
			);
			defaultConfigurationIsVisible = 0;
			defaultConfigurationName = Release;
		};
/* End XCConfigurationList section */
	};
	rootObject = 18B19BFE22105972000E7AFA /* Project object */;
}
